// !$*UTF8*$!
{
	archiveVersion = 1;
	classes = {
	};
	objectVersion = 50;
	objects = {

/* Begin PBXBuildFile section */
		445557862109C0C6003FB4F6 /* AppDelegate.swift in Sources */ = {isa = PBXBuildFile; fileRef = 445557852109C0C6003FB4F6 /* AppDelegate.swift */; };
		445557882109C0C6003FB4F6 /* LogEndPointsViewController.swift in Sources */ = {isa = PBXBuildFile; fileRef = 445557872109C0C6003FB4F6 /* LogEndPointsViewController.swift */; };
		4455578B2109C0C6003FB4F6 /* Main.storyboard in Resources */ = {isa = PBXBuildFile; fileRef = 445557892109C0C6003FB4F6 /* Main.storyboard */; };
		4455578D2109C0C9003FB4F6 /* Assets.xcassets in Resources */ = {isa = PBXBuildFile; fileRef = 4455578C2109C0C9003FB4F6 /* Assets.xcassets */; };
		445557902109C0C9003FB4F6 /* LaunchScreen.storyboard in Resources */ = {isa = PBXBuildFile; fileRef = 4455578E2109C0C9003FB4F6 /* LaunchScreen.storyboard */; };
		445557992109C1E2003FB4F6 /* LogEndPoint.swift in Sources */ = {isa = PBXBuildFile; fileRef = 445557982109C1E2003FB4F6 /* LogEndPoint.swift */; };
		4455579C2109C4B5003FB4F6 /* SwiftyBeaver+Config.swift in Sources */ = {isa = PBXBuildFile; fileRef = 4455579B2109C4B5003FB4F6 /* SwiftyBeaver+Config.swift */; };
		4455579E2109C561003FB4F6 /* OSLogDestination.swift in Sources */ = {isa = PBXBuildFile; fileRef = 4455579D2109C561003FB4F6 /* OSLogDestination.swift */; };
		6B673C7A352B2D3453A47474 /* Pods_OSLog_demo.framework in Frameworks */ = {isa = PBXBuildFile; fileRef = 214188C814149074B4D4C6F4 /* Pods_OSLog_demo.framework */; };
/* End PBXBuildFile section */

/* Begin PBXFileReference section */
		214188C814149074B4D4C6F4 /* Pods_OSLog_demo.framework */ = {isa = PBXFileReference; explicitFileType = wrapper.framework; includeInIndex = 0; path = Pods_OSLog_demo.framework; sourceTree = BUILT_PRODUCTS_DIR; };
		445557822109C0C6003FB4F6 /* OSLog-demo.app */ = {isa = PBXFileReference; explicitFileType = wrapper.application; includeInIndex = 0; path = "OSLog-demo.app"; sourceTree = BUILT_PRODUCTS_DIR; };
		445557852109C0C6003FB4F6 /* AppDelegate.swift */ = {isa = PBXFileReference; lastKnownFileType = sourcecode.swift; path = AppDelegate.swift; sourceTree = "<group>"; };
		445557872109C0C6003FB4F6 /* LogEndPointsViewController.swift */ = {isa = PBXFileReference; lastKnownFileType = sourcecode.swift; path = LogEndPointsViewController.swift; sourceTree = "<group>"; };
		4455578A2109C0C6003FB4F6 /* Base */ = {isa = PBXFileReference; lastKnownFileType = file.storyboard; name = Base; path = Base.lproj/Main.storyboard; sourceTree = "<group>"; };
		4455578C2109C0C9003FB4F6 /* Assets.xcassets */ = {isa = PBXFileReference; lastKnownFileType = folder.assetcatalog; path = Assets.xcassets; sourceTree = "<group>"; };
		4455578F2109C0C9003FB4F6 /* Base */ = {isa = PBXFileReference; lastKnownFileType = file.storyboard; name = Base; path = Base.lproj/LaunchScreen.storyboard; sourceTree = "<group>"; };
		445557912109C0C9003FB4F6 /* Info.plist */ = {isa = PBXFileReference; lastKnownFileType = text.plist.xml; path = Info.plist; sourceTree = "<group>"; };
		445557982109C1E2003FB4F6 /* LogEndPoint.swift */ = {isa = PBXFileReference; lastKnownFileType = sourcecode.swift; path = LogEndPoint.swift; sourceTree = "<group>"; };
		4455579B2109C4B5003FB4F6 /* SwiftyBeaver+Config.swift */ = {isa = PBXFileReference; lastKnownFileType = sourcecode.swift; path = "SwiftyBeaver+Config.swift"; sourceTree = "<group>"; };
		4455579D2109C561003FB4F6 /* OSLogDestination.swift */ = {isa = PBXFileReference; fileEncoding = 4; lastKnownFileType = sourcecode.swift; path = OSLogDestination.swift; sourceTree = "<group>"; };
		A0EF0A18C2A154D675D59F01 /* Pods-OSLog-demo.debug.xcconfig */ = {isa = PBXFileReference; includeInIndex = 1; lastKnownFileType = text.xcconfig; name = "Pods-OSLog-demo.debug.xcconfig"; path = "Pods/Target Support Files/Pods-OSLog-demo/Pods-OSLog-demo.debug.xcconfig"; sourceTree = "<group>"; };
		EF68DD9C136F7DBD0DF5B8F1 /* Pods-OSLog-demo.release.xcconfig */ = {isa = PBXFileReference; includeInIndex = 1; lastKnownFileType = text.xcconfig; name = "Pods-OSLog-demo.release.xcconfig"; path = "Pods/Target Support Files/Pods-OSLog-demo/Pods-OSLog-demo.release.xcconfig"; sourceTree = "<group>"; };
/* End PBXFileReference section */

/* Begin PBXFrameworksBuildPhase section */
		4455577F2109C0C6003FB4F6 /* Frameworks */ = {
			isa = PBXFrameworksBuildPhase;
			buildActionMask = 2147483647;
			files = (
				6B673C7A352B2D3453A47474 /* Pods_OSLog_demo.framework in Frameworks */,
			);
			runOnlyForDeploymentPostprocessing = 0;
		};
/* End PBXFrameworksBuildPhase section */

/* Begin PBXGroup section */
		445557792109C0C6003FB4F6 = {
			isa = PBXGroup;
			children = (
				445557842109C0C6003FB4F6 /* OSLog-demo */,
				445557832109C0C6003FB4F6 /* Products */,
				6A341F358A5ADB538EDA1010 /* Pods */,
				5C39E40ADD958FC328F20CDB /* Frameworks */,
			);
			sourceTree = "<group>";
		};
		445557832109C0C6003FB4F6 /* Products */ = {
			isa = PBXGroup;
			children = (
				445557822109C0C6003FB4F6 /* OSLog-demo.app */,
			);
			name = Products;
			sourceTree = "<group>";
		};
		445557842109C0C6003FB4F6 /* OSLog-demo */ = {
			isa = PBXGroup;
			children = (
				445557852109C0C6003FB4F6 /* AppDelegate.swift */,
				445557872109C0C6003FB4F6 /* LogEndPointsViewController.swift */,
				4455579A2109C4A4003FB4F6 /* SwiftyBeaver */,
				445557972109C185003FB4F6 /* ViewModels */,
				445557892109C0C6003FB4F6 /* Main.storyboard */,
				4455578C2109C0C9003FB4F6 /* Assets.xcassets */,
				4455578E2109C0C9003FB4F6 /* LaunchScreen.storyboard */,
				445557912109C0C9003FB4F6 /* Info.plist */,
			);
			path = "OSLog-demo";
			sourceTree = "<group>";
		};
		445557972109C185003FB4F6 /* ViewModels */ = {
			isa = PBXGroup;
			children = (
				445557982109C1E2003FB4F6 /* LogEndPoint.swift */,
			);
			path = ViewModels;
			sourceTree = "<group>";
		};
		4455579A2109C4A4003FB4F6 /* SwiftyBeaver */ = {
			isa = PBXGroup;
			children = (
				4455579B2109C4B5003FB4F6 /* SwiftyBeaver+Config.swift */,
				4455579D2109C561003FB4F6 /* OSLogDestination.swift */,
			);
			path = SwiftyBeaver;
			sourceTree = "<group>";
		};
		5C39E40ADD958FC328F20CDB /* Frameworks */ = {
			isa = PBXGroup;
			children = (
				214188C814149074B4D4C6F4 /* Pods_OSLog_demo.framework */,
			);
			name = Frameworks;
			sourceTree = "<group>";
		};
		6A341F358A5ADB538EDA1010 /* Pods */ = {
			isa = PBXGroup;
			children = (
				A0EF0A18C2A154D675D59F01 /* Pods-OSLog-demo.debug.xcconfig */,
				EF68DD9C136F7DBD0DF5B8F1 /* Pods-OSLog-demo.release.xcconfig */,
			);
			name = Pods;
			sourceTree = "<group>";
		};
/* End PBXGroup section */

/* Begin PBXNativeTarget section */
		445557812109C0C6003FB4F6 /* OSLog-demo */ = {
			isa = PBXNativeTarget;
			buildConfigurationList = 445557942109C0C9003FB4F6 /* Build configuration list for PBXNativeTarget "OSLog-demo" */;
			buildPhases = (
				71D4F1F1AE13ED00F6D0B152 /* [CP] Check Pods Manifest.lock */,
				4455577E2109C0C6003FB4F6 /* Sources */,
				4455577F2109C0C6003FB4F6 /* Frameworks */,
				445557802109C0C6003FB4F6 /* Resources */,
				29DB7FCC81D6916C40A20689 /* [CP] Embed Pods Frameworks */,
			);
			buildRules = (
			);
			dependencies = (
			);
			name = "OSLog-demo";
			productName = "OSLog-demo";
			productReference = 445557822109C0C6003FB4F6 /* OSLog-demo.app */;
			productType = "com.apple.product-type.application";
		};
/* End PBXNativeTarget section */

/* Begin PBXProject section */
		4455577A2109C0C6003FB4F6 /* Project object */ = {
			isa = PBXProject;
			attributes = {
				LastSwiftUpdateCheck = 0940;
				LastUpgradeCheck = 0940;
				ORGANIZATIONNAME = "Jean-Charles SORIN";
				TargetAttributes = {
					445557812109C0C6003FB4F6 = {
						CreatedOnToolsVersion = 9.4.1;
					};
				};
			};
			buildConfigurationList = 4455577D2109C0C6003FB4F6 /* Build configuration list for PBXProject "OSLog-demo" */;
			compatibilityVersion = "Xcode 9.3";
			developmentRegion = en;
			hasScannedForEncodings = 0;
			knownRegions = (
				en,
				Base,
			);
			mainGroup = 445557792109C0C6003FB4F6;
			productRefGroup = 445557832109C0C6003FB4F6 /* Products */;
			projectDirPath = "";
			projectRoot = "";
			targets = (
				445557812109C0C6003FB4F6 /* OSLog-demo */,
			);
		};
/* End PBXProject section */

/* Begin PBXResourcesBuildPhase section */
		445557802109C0C6003FB4F6 /* Resources */ = {
			isa = PBXResourcesBuildPhase;
			buildActionMask = 2147483647;
			files = (
				445557902109C0C9003FB4F6 /* LaunchScreen.storyboard in Resources */,
				4455578D2109C0C9003FB4F6 /* Assets.xcassets in Resources */,
				4455578B2109C0C6003FB4F6 /* Main.storyboard in Resources */,
			);
			runOnlyForDeploymentPostprocessing = 0;
		};
/* End PBXResourcesBuildPhase section */

/* Begin PBXShellScriptBuildPhase section */
		29DB7FCC81D6916C40A20689 /* [CP] Embed Pods Frameworks */ = {
			isa = PBXShellScriptBuildPhase;
			buildActionMask = 2147483647;
			files = (
			);
			inputPaths = (
				"${SRCROOT}/Pods/Target Support Files/Pods-OSLog-demo/Pods-OSLog-demo-frameworks.sh",
				"${BUILT_PRODUCTS_DIR}/SwiftyBeaver/SwiftyBeaver.framework",
			);
			name = "[CP] Embed Pods Frameworks";
			outputPaths = (
				"${TARGET_BUILD_DIR}/${FRAMEWORKS_FOLDER_PATH}/SwiftyBeaver.framework",
			);
			runOnlyForDeploymentPostprocessing = 0;
			shellPath = /bin/sh;
			shellScript = "\"${SRCROOT}/Pods/Target Support Files/Pods-OSLog-demo/Pods-OSLog-demo-frameworks.sh\"\n";
			showEnvVarsInLog = 0;
		};
		71D4F1F1AE13ED00F6D0B152 /* [CP] Check Pods Manifest.lock */ = {
			isa = PBXShellScriptBuildPhase;
			buildActionMask = 2147483647;
			files = (
			);
			inputPaths = (
				"${PODS_PODFILE_DIR_PATH}/Podfile.lock",
				"${PODS_ROOT}/Manifest.lock",
			);
			name = "[CP] Check Pods Manifest.lock";
			outputPaths = (
				"$(DERIVED_FILE_DIR)/Pods-OSLog-demo-checkManifestLockResult.txt",
			);
			runOnlyForDeploymentPostprocessing = 0;
			shellPath = /bin/sh;
			shellScript = "diff \"${PODS_PODFILE_DIR_PATH}/Podfile.lock\" \"${PODS_ROOT}/Manifest.lock\" > /dev/null\nif [ $? != 0 ] ; then\n    # print error to STDERR\n    echo \"error: The sandbox is not in sync with the Podfile.lock. Run 'pod install' or update your CocoaPods installation.\" >&2\n    exit 1\nfi\n# This output is used by Xcode 'outputs' to avoid re-running this script phase.\necho \"SUCCESS\" > \"${SCRIPT_OUTPUT_FILE_0}\"\n";
			showEnvVarsInLog = 0;
		};
/* End PBXShellScriptBuildPhase section */

/* Begin PBXSourcesBuildPhase section */
		4455577E2109C0C6003FB4F6 /* Sources */ = {
			isa = PBXSourcesBuildPhase;
			buildActionMask = 2147483647;
			files = (
				4455579C2109C4B5003FB4F6 /* SwiftyBeaver+Config.swift in Sources */,
				445557882109C0C6003FB4F6 /* LogEndPointsViewController.swift in Sources */,
				4455579E2109C561003FB4F6 /* OSLogDestination.swift in Sources */,
				445557862109C0C6003FB4F6 /* AppDelegate.swift in Sources */,
				445557992109C1E2003FB4F6 /* LogEndPoint.swift in Sources */,
			);
			runOnlyForDeploymentPostprocessing = 0;
		};
/* End PBXSourcesBuildPhase section */

/* Begin PBXVariantGroup section */
		445557892109C0C6003FB4F6 /* Main.storyboard */ = {
			isa = PBXVariantGroup;
			children = (
				4455578A2109C0C6003FB4F6 /* Base */,
			);
			name = Main.storyboard;
			sourceTree = "<group>";
		};
		4455578E2109C0C9003FB4F6 /* LaunchScreen.storyboard */ = {
			isa = PBXVariantGroup;
			children = (
				4455578F2109C0C9003FB4F6 /* Base */,
			);
			name = LaunchScreen.storyboard;
			sourceTree = "<group>";
		};
/* End PBXVariantGroup section */

/* Begin XCBuildConfiguration section */
		445557922109C0C9003FB4F6 /* Debug */ = {
			isa = XCBuildConfiguration;
			buildSettings = {
				ALWAYS_SEARCH_USER_PATHS = NO;
				CLANG_ANALYZER_NONNULL = YES;
				CLANG_ANALYZER_NUMBER_OBJECT_CONVERSION = YES_AGGRESSIVE;
				CLANG_CXX_LANGUAGE_STANDARD = "gnu++14";
				CLANG_CXX_LIBRARY = "libc++";
				CLANG_ENABLE_MODULES = YES;
				CLANG_ENABLE_OBJC_ARC = YES;
				CLANG_ENABLE_OBJC_WEAK = YES;
				CLANG_WARN_BLOCK_CAPTURE_AUTORELEASING = YES;
				CLANG_WARN_BOOL_CONVERSION = YES;
				CLANG_WARN_COMMA = YES;
				CLANG_WARN_CONSTANT_CONVERSION = YES;
				CLANG_WARN_DEPRECATED_OBJC_IMPLEMENTATIONS = YES;
				CLANG_WARN_DIRECT_OBJC_ISA_USAGE = YES_ERROR;
				CLANG_WARN_DOCUMENTATION_COMMENTS = YES;
				CLANG_WARN_EMPTY_BODY = YES;
				CLANG_WARN_ENUM_CONVERSION = YES;
				CLANG_WARN_INFINITE_RECURSION = YES;
				CLANG_WARN_INT_CONVERSION = YES;
				CLANG_WARN_NON_LITERAL_NULL_CONVERSION = YES;
				CLANG_WARN_OBJC_IMPLICIT_RETAIN_SELF = YES;
				CLANG_WARN_OBJC_LITERAL_CONVERSION = YES;
				CLANG_WARN_OBJC_ROOT_CLASS = YES_ERROR;
				CLANG_WARN_RANGE_LOOP_ANALYSIS = YES;
				CLANG_WARN_STRICT_PROTOTYPES = YES;
				CLANG_WARN_SUSPICIOUS_MOVE = YES;
				CLANG_WARN_UNGUARDED_AVAILABILITY = YES_AGGRESSIVE;
				CLANG_WARN_UNREACHABLE_CODE = YES;
				CLANG_WARN__DUPLICATE_METHOD_MATCH = YES;
				CODE_SIGN_IDENTITY = "iPhone Developer";
				COPY_PHASE_STRIP = NO;
				DEBUG_INFORMATION_FORMAT = dwarf;
				ENABLE_STRICT_OBJC_MSGSEND = YES;
				ENABLE_TESTABILITY = YES;
				GCC_C_LANGUAGE_STANDARD = gnu11;
				GCC_DYNAMIC_NO_PIC = NO;
				GCC_NO_COMMON_BLOCKS = YES;
				GCC_OPTIMIZATION_LEVEL = 0;
				GCC_PREPROCESSOR_DEFINITIONS = (
					"DEBUG=1",
					"$(inherited)",
				);
				GCC_WARN_64_TO_32_BIT_CONVERSION = YES;
				GCC_WARN_ABOUT_RETURN_TYPE = YES_ERROR;
				GCC_WARN_UNDECLARED_SELECTOR = YES;
				GCC_WARN_UNINITIALIZED_AUTOS = YES_AGGRESSIVE;
				GCC_WARN_UNUSED_FUNCTION = YES;
				GCC_WARN_UNUSED_VARIABLE = YES;
				IPHONEOS_DEPLOYMENT_TARGET = 11.4;
				MTL_ENABLE_DEBUG_INFO = YES;
				ONLY_ACTIVE_ARCH = YES;
				SDKROOT = iphoneos;
				SWIFT_ACTIVE_COMPILATION_CONDITIONS = DEBUG;
				SWIFT_OPTIMIZATION_LEVEL = "-Onone";
			};
			name = Debug;
		};
		445557932109C0C9003FB4F6 /* Release */ = {
			isa = XCBuildConfiguration;
			buildSettings = {
				ALWAYS_SEARCH_USER_PATHS = NO;
				CLANG_ANALYZER_NONNULL = YES;
				CLANG_ANALYZER_NUMBER_OBJECT_CONVERSION = YES_AGGRESSIVE;
				CLANG_CXX_LANGUAGE_STANDARD = "gnu++14";
				CLANG_CXX_LIBRARY = "libc++";
				CLANG_ENABLE_MODULES = YES;
				CLANG_ENABLE_OBJC_ARC = YES;
				CLANG_ENABLE_OBJC_WEAK = YES;
				CLANG_WARN_BLOCK_CAPTURE_AUTORELEASING = YES;
				CLANG_WARN_BOOL_CONVERSION = YES;
				CLANG_WARN_COMMA = YES;
				CLANG_WARN_CONSTANT_CONVERSION = YES;
				CLANG_WARN_DEPRECATED_OBJC_IMPLEMENTATIONS = YES;
				CLANG_WARN_DIRECT_OBJC_ISA_USAGE = YES_ERROR;
				CLANG_WARN_DOCUMENTATION_COMMENTS = YES;
				CLANG_WARN_EMPTY_BODY = YES;
				CLANG_WARN_ENUM_CONVERSION = YES;
				CLANG_WARN_INFINITE_RECURSION = YES;
				CLANG_WARN_INT_CONVERSION = YES;
				CLANG_WARN_NON_LITERAL_NULL_CONVERSION = YES;
				CLANG_WARN_OBJC_IMPLICIT_RETAIN_SELF = YES;
				CLANG_WARN_OBJC_LITERAL_CONVERSION = YES;
				CLANG_WARN_OBJC_ROOT_CLASS = YES_ERROR;
				CLANG_WARN_RANGE_LOOP_ANALYSIS = YES;
				CLANG_WARN_STRICT_PROTOTYPES = YES;
				CLANG_WARN_SUSPICIOUS_MOVE = YES;
				CLANG_WARN_UNGUARDED_AVAILABILITY = YES_AGGRESSIVE;
				CLANG_WARN_UNREACHABLE_CODE = YES;
				CLANG_WARN__DUPLICATE_METHOD_MATCH = YES;
				CODE_SIGN_IDENTITY = "iPhone Developer";
				COPY_PHASE_STRIP = NO;
				DEBUG_INFORMATION_FORMAT = "dwarf-with-dsym";
				ENABLE_NS_ASSERTIONS = NO;
				ENABLE_STRICT_OBJC_MSGSEND = YES;
				GCC_C_LANGUAGE_STANDARD = gnu11;
				GCC_NO_COMMON_BLOCKS = YES;
				GCC_WARN_64_TO_32_BIT_CONVERSION = YES;
				GCC_WARN_ABOUT_RETURN_TYPE = YES_ERROR;
				GCC_WARN_UNDECLARED_SELECTOR = YES;
				GCC_WARN_UNINITIALIZED_AUTOS = YES_AGGRESSIVE;
				GCC_WARN_UNUSED_FUNCTION = YES;
				GCC_WARN_UNUSED_VARIABLE = YES;
				IPHONEOS_DEPLOYMENT_TARGET = 11.4;
				MTL_ENABLE_DEBUG_INFO = NO;
				SDKROOT = iphoneos;
				SWIFT_COMPILATION_MODE = wholemodule;
				SWIFT_OPTIMIZATION_LEVEL = "-O";
				VALIDATE_PRODUCT = YES;
			};
			name = Release;
		};
		445557952109C0C9003FB4F6 /* Debug */ = {
			isa = XCBuildConfiguration;
			baseConfigurationReference = A0EF0A18C2A154D675D59F01 /* Pods-OSLog-demo.debug.xcconfig */;
			buildSettings = {
				ASSETCATALOG_COMPILER_APPICON_NAME = AppIcon;
				CODE_SIGN_STYLE = Automatic;
				INFOPLIST_FILE = "OSLog-demo/Info.plist";
				LD_RUNPATH_SEARCH_PATHS = (
					"$(inherited)",
					"@executable_path/Frameworks",
				);
				PRODUCT_BUNDLE_IDENTIFIER = "com.log.OSLog-demo";
				PRODUCT_NAME = "$(TARGET_NAME)";
				SWIFT_VERSION = 4.0;
				TARGETED_DEVICE_FAMILY = "1,2";
			};
			name = Debug;
		};
		445557962109C0C9003FB4F6 /* Release */ = {
			isa = XCBuildConfiguration;
			baseConfigurationReference = EF68DD9C136F7DBD0DF5B8F1 /* Pods-OSLog-demo.release.xcconfig */;
			buildSettings = {
				ASSETCATALOG_COMPILER_APPICON_NAME = AppIcon;
				CODE_SIGN_STYLE = Automatic;
				INFOPLIST_FILE = "OSLog-demo/Info.plist";
				LD_RUNPATH_SEARCH_PATHS = (
					"$(inherited)",
					"@executable_path/Frameworks",
				);
				PRODUCT_BUNDLE_IDENTIFIER = "com.log.OSLog-demo";
				PRODUCT_NAME = "$(TARGET_NAME)";
				SWIFT_VERSION = 4.0;
				TARGETED_DEVICE_FAMILY = "1,2";
			};
			name = Release;
		};
/* End XCBuildConfiguration section */

/* Begin XCConfigurationList section */
		4455577D2109C0C6003FB4F6 /* Build configuration list for PBXProject "OSLog-demo" */ = {
			isa = XCConfigurationList;
			buildConfigurations = (
				445557922109C0C9003FB4F6 /* Debug */,
				445557932109C0C9003FB4F6 /* Release */,
			);
			defaultConfigurationIsVisible = 0;
			defaultConfigurationName = Release;
		};
		445557942109C0C9003FB4F6 /* Build configuration list for PBXNativeTarget "OSLog-demo" */ = {
			isa = XCConfigurationList;
			buildConfigurations = (
				445557952109C0C9003FB4F6 /* Debug */,
				445557962109C0C9003FB4F6 /* Release */,
			);
			defaultConfigurationIsVisible = 0;
			defaultConfigurationName = Release;
		};
/* End XCConfigurationList section */
	};
	rootObject = 4455577A2109C0C6003FB4F6 /* Project object */;
}
